PODS:
  - Flutter (1.0.0)
  - userleap_flutter (0.0.5):
    - Flutter
    - UserLeapKit (~> 4.1.0)
  - UserLeapKit (4.1.0)

DEPENDENCIES:
  - Flutter (from `Flutter`)
  - userleap_flutter (from `.symlinks/plugins/userleap_flutter/ios`)

SPEC REPOS:
  trunk:
    - UserLeapKit

EXTERNAL SOURCES:
  Flutter:
    :path: Flutter
  userleap_flutter:
    :path: ".symlinks/plugins/userleap_flutter/ios"

SPEC CHECKSUMS:
  Flutter: 434fef37c0980e73bb6479ef766c45957d4b510c
  userleap_flutter: 98e3309bd8b604d83996691bf3a34cfaf402afa0
  UserLeapKit: af7f75bfc61af29ef6a42a1a96e95e996e14f54b

PODFILE CHECKSUM: 33f74cf6f4e5775ad35ae5df4008ad34eb3f5e59

COCOAPODS: 1.10.0
